
Microsoft Visual Studio Solution File, Format Version 12.00
# Visual Studio Version 16
VisualStudioVersion = 16.0.30114.105
MinimumVisualStudioVersion = 10.0.40219.1
Project("{FAE04EC0-301F-11D3-BF4B-00C04F79EFBC}") = "API", "API\API.csproj", "{1D961270-D1D6-4367-93CC-ADC71346AB7E}"
EndProject
Project("{FAE04EC0-301F-11D3-BF4B-00C04F79EFBC}") = "Core", "Core\Core.csproj", "{3685310A-4335-4079-88D5-45E2892D2F7D}"
EndProject
Project("{FAE04EC0-301F-11D3-BF4B-00C04F79EFBC}") = "Infrastructure", "Infrastructure\Infrastructure.csproj", "{318E1A42-F391-49DC-BE80-C71182EA300B}"
EndProject
Global
	GlobalSection(SolutionConfigurationPlatforms) = preSolution
		Debug|Any CPU = Debug|Any CPU
		Debug|x64 = Debug|x64
		Debug|x86 = Debug|x86
		Release|Any CPU = Release|Any CPU
		Release|x64 = Release|x64
		Release|x86 = Release|x86
	EndGlobalSection
	GlobalSection(SolutionProperties) = preSolution
		HideSolutionNode = FALSE
	EndGlobalSection
	GlobalSection(ProjectConfigurationPlatforms) = postSolution
		{1D961270-D1D6-4367-93CC-ADC71346AB7E}.Debug|Any CPU.ActiveCfg = Debug|Any CPU
		{1D961270-D1D6-4367-93CC-ADC71346AB7E}.Debug|Any CPU.Build.0 = Debug|Any CPU
		{1D961270-D1D6-4367-93CC-ADC71346AB7E}.Debug|x64.ActiveCfg = Debug|Any CPU
		{1D961270-D1D6-4367-93CC-ADC71346AB7E}.Debug|x64.Build.0 = Debug|Any CPU
		{1D961270-D1D6-4367-93CC-ADC71346AB7E}.Debug|x86.ActiveCfg = Debug|Any CPU
		{1D961270-D1D6-4367-93CC-ADC71346AB7E}.Debug|x86.Build.0 = Debug|Any CPU
		{1D961270-D1D6-4367-93CC-ADC71346AB7E}.Release|Any CPU.ActiveCfg = Release|Any CPU
		{1D961270-D1D6-4367-93CC-ADC71346AB7E}.Release|Any CPU.Build.0 = Release|Any CPU
		{1D961270-D1D6-4367-93CC-ADC71346AB7E}.Release|x64.ActiveCfg = Release|Any CPU
		{1D961270-D1D6-4367-93CC-ADC71346AB7E}.Release|x64.Build.0 = Release|Any CPU
		{1D961270-D1D6-4367-93CC-ADC71346AB7E}.Release|x86.ActiveCfg = Release|Any CPU
		{1D961270-D1D6-4367-93CC-ADC71346AB7E}.Release|x86.Build.0 = Release|Any CPU
		{3685310A-4335-4079-88D5-45E2892D2F7D}.Debug|Any CPU.ActiveCfg = Debug|Any CPU
		{3685310A-4335-4079-88D5-45E2892D2F7D}.Debug|Any CPU.Build.0 = Debug|Any CPU
		{3685310A-4335-4079-88D5-45E2892D2F7D}.Debug|x64.ActiveCfg = Debug|Any CPU
		{3685310A-4335-4079-88D5-45E2892D2F7D}.Debug|x64.Build.0 = Debug|Any CPU
		{3685310A-4335-4079-88D5-45E2892D2F7D}.Debug|x86.ActiveCfg = Debug|Any CPU
		{3685310A-4335-4079-88D5-45E2892D2F7D}.Debug|x86.Build.0 = Debug|Any CPU
		{3685310A-4335-4079-88D5-45E2892D2F7D}.Release|Any CPU.ActiveCfg = Release|Any CPU
		{3685310A-4335-4079-88D5-45E2892D2F7D}.Release|Any CPU.Build.0 = Release|Any CPU
		{3685310A-4335-4079-88D5-45E2892D2F7D}.Release|x64.ActiveCfg = Release|Any CPU
		{3685310A-4335-4079-88D5-45E2892D2F7D}.Release|x64.Build.0 = Release|Any CPU
		{3685310A-4335-4079-88D5-45E2892D2F7D}.Release|x86.ActiveCfg = Release|Any CPU
		{3685310A-4335-4079-88D5-45E2892D2F7D}.Release|x86.Build.0 = Release|Any CPU
		{318E1A42-F391-49DC-BE80-C71182EA300B}.Debug|Any CPU.ActiveCfg = Debug|Any CPU
		{318E1A42-F391-49DC-BE80-C71182EA300B}.Debug|Any CPU.Build.0 = Debug|Any CPU
		{318E1A42-F391-49DC-BE80-C71182EA300B}.Debug|x64.ActiveCfg = Debug|Any CPU
		{318E1A42-F391-49DC-BE80-C71182EA300B}.Debug|x64.Build.0 = Debug|Any CPU
		{318E1A42-F391-49DC-BE80-C71182EA300B}.Debug|x86.ActiveCfg = Debug|Any CPU
		{318E1A42-F391-49DC-BE80-C71182EA300B}.Debug|x86.Build.0 = Debug|Any CPU
		{318E1A42-F391-49DC-BE80-C71182EA300B}.Release|Any CPU.ActiveCfg = Release|Any CPU
		{318E1A42-F391-49DC-BE80-C71182EA300B}.Release|Any CPU.Build.0 = Release|Any CPU
		{318E1A42-F391-49DC-BE80-C71182EA300B}.Release|x64.ActiveCfg = Release|Any CPU
		{318E1A42-F391-49DC-BE80-C71182EA300B}.Release|x64.Build.0 = Release|Any CPU
		{318E1A42-F391-49DC-BE80-C71182EA300B}.Release|x86.ActiveCfg = Release|Any CPU
		{318E1A42-F391-49DC-BE80-C71182EA300B}.Release|x86.Build.0 = Release|Any CPU
	EndGlobalSection
EndGlobal
